// !$*UTF8*$!
{
	archiveVersion = 1;
	classes = {
	};
	objectVersion = 46;
	objects = {

/* Begin PBXBuildFile section */
		913272EA1A15620700676901 /* main.m in Sources */ = {isa = PBXBuildFile; fileRef = 913272E91A15620700676901 /* main.m */; };
		913272ED1A15620700676901 /* AppDelegate.m in Sources */ = {isa = PBXBuildFile; fileRef = 913272EC1A15620700676901 /* AppDelegate.m */; };
		913272F01A15620700676901 /* ViewController.m in Sources */ = {isa = PBXBuildFile; fileRef = 913272EF1A15620700676901 /* ViewController.m */; };
		913272F31A15620700676901 /* Main.storyboard in Resources */ = {isa = PBXBuildFile; fileRef = 913272F11A15620700676901 /* Main.storyboard */; };
		913272F51A15620700676901 /* Images.xcassets in Resources */ = {isa = PBXBuildFile; fileRef = 913272F41A15620700676901 /* Images.xcassets */; };
		913272F81A15620700676901 /* LaunchScreen.xib in Resources */ = {isa = PBXBuildFile; fileRef = 913272F61A15620700676901 /* LaunchScreen.xib */; };
		913273041A15620800676901 /* WordListerTests.m in Sources */ = {isa = PBXBuildFile; fileRef = 913273031A15620800676901 /* WordListerTests.m */; };
		9132730E1A15622400676901 /* PageParser.m in Sources */ = {isa = PBXBuildFile; fileRef = 9132730D1A15622400676901 /* PageParser.m */; };
/* End PBXBuildFile section */

/* Begin PBXContainerItemProxy section */
		913272FE1A15620800676901 /* PBXContainerItemProxy */ = {
			isa = PBXContainerItemProxy;
			containerPortal = 913272DC1A15620700676901 /* Project object */;
			proxyType = 1;
			remoteGlobalIDString = 913272E31A15620700676901;
			remoteInfo = WordLister;
		};
/* End PBXContainerItemProxy section */

/* Begin PBXFileReference section */
		913272E41A15620700676901 /* WordLister.app */ = {isa = PBXFileReference; explicitFileType = wrapper.application; includeInIndex = 0; path = WordLister.app; sourceTree = BUILT_PRODUCTS_DIR; };
		913272E81A15620700676901 /* Info.plist */ = {isa = PBXFileReference; lastKnownFileType = text.plist.xml; path = Info.plist; sourceTree = "<group>"; };
		913272E91A15620700676901 /* main.m */ = {isa = PBXFileReference; lastKnownFileType = sourcecode.c.objc; path = main.m; sourceTree = "<group>"; };
		913272EB1A15620700676901 /* AppDelegate.h */ = {isa = PBXFileReference; lastKnownFileType = sourcecode.c.h; path = AppDelegate.h; sourceTree = "<group>"; };
		913272EC1A15620700676901 /* AppDelegate.m */ = {isa = PBXFileReference; lastKnownFileType = sourcecode.c.objc; path = AppDelegate.m; sourceTree = "<group>"; };
		913272EE1A15620700676901 /* ViewController.h */ = {isa = PBXFileReference; lastKnownFileType = sourcecode.c.h; path = ViewController.h; sourceTree = "<group>"; };
		913272EF1A15620700676901 /* ViewController.m */ = {isa = PBXFileReference; lastKnownFileType = sourcecode.c.objc; path = ViewController.m; sourceTree = "<group>"; };
		913272F21A15620700676901 /* Base */ = {isa = PBXFileReference; lastKnownFileType = file.storyboard; name = Base; path = Base.lproj/Main.storyboard; sourceTree = "<group>"; };
		913272F41A15620700676901 /* Images.xcassets */ = {isa = PBXFileReference; lastKnownFileType = folder.assetcatalog; path = Images.xcassets; sourceTree = "<group>"; };
		913272F71A15620700676901 /* Base */ = {isa = PBXFileReference; lastKnownFileType = file.xib; name = Base; path = Base.lproj/LaunchScreen.xib; sourceTree = "<group>"; };
		913272FD1A15620800676901 /* WordListerTests.xctest */ = {isa = PBXFileReference; explicitFileType = wrapper.cfbundle; includeInIndex = 0; path = WordListerTests.xctest; sourceTree = BUILT_PRODUCTS_DIR; };
		913273021A15620800676901 /* Info.plist */ = {isa = PBXFileReference; lastKnownFileType = text.plist.xml; path = Info.plist; sourceTree = "<group>"; };
		913273031A15620800676901 /* WordListerTests.m */ = {isa = PBXFileReference; lastKnownFileType = sourcecode.c.objc; path = WordListerTests.m; sourceTree = "<group>"; };
		9132730D1A15622400676901 /* PageParser.m */ = {isa = PBXFileReference; fileEncoding = 4; lastKnownFileType = sourcecode.c.objc; path = PageParser.m; sourceTree = "<group>"; };
		9132730F1A15622E00676901 /* PageParser.h */ = {isa = PBXFileReference; lastKnownFileType = sourcecode.c.h; path = PageParser.h; sourceTree = "<group>"; };
/* End PBXFileReference section */

/* Begin PBXFrameworksBuildPhase section */
		913272E11A15620700676901 /* Frameworks */ = {
			isa = PBXFrameworksBuildPhase;
			buildActionMask = 2147483647;
			files = (
			);
			runOnlyForDeploymentPostprocessing = 0;
		};
		913272FA1A15620800676901 /* Frameworks */ = {
			isa = PBXFrameworksBuildPhase;
			buildActionMask = 2147483647;
			files = (
			);
			runOnlyForDeploymentPostprocessing = 0;
		};
/* End PBXFrameworksBuildPhase section */

/* Begin PBXGroup section */
		913272DB1A15620700676901 = {
			isa = PBXGroup;
			children = (
				913272E61A15620700676901 /* WordLister */,
				913273001A15620800676901 /* WordListerTests */,
				913272E51A15620700676901 /* Products */,
			);
			sourceTree = "<group>";
		};
		913272E51A15620700676901 /* Products */ = {
			isa = PBXGroup;
			children = (
				913272E41A15620700676901 /* WordLister.app */,
				913272FD1A15620800676901 /* WordListerTests.xctest */,
			);
			name = Products;
			sourceTree = "<group>";
		};
		913272E61A15620700676901 /* WordLister */ = {
			isa = PBXGroup;
			children = (
				913272EB1A15620700676901 /* AppDelegate.h */,
				913272EC1A15620700676901 /* AppDelegate.m */,
				913272EE1A15620700676901 /* ViewController.h */,
				913272EF1A15620700676901 /* ViewController.m */,
				9132730F1A15622E00676901 /* PageParser.h */,
				9132730D1A15622400676901 /* PageParser.m */,
				913272F11A15620700676901 /* Main.storyboard */,
				913272F41A15620700676901 /* Images.xcassets */,
				913272F61A15620700676901 /* LaunchScreen.xib */,
				913272E71A15620700676901 /* Supporting Files */,
			);
			path = WordLister;
			sourceTree = "<group>";
		};
		913272E71A15620700676901 /* Supporting Files */ = {
			isa = PBXGroup;
			children = (
				913272E81A15620700676901 /* Info.plist */,
				913272E91A15620700676901 /* main.m */,
			);
			name = "Supporting Files";
			sourceTree = "<group>";
		};
		913273001A15620800676901 /* WordListerTests */ = {
			isa = PBXGroup;
			children = (
				913273031A15620800676901 /* WordListerTests.m */,
				913273011A15620800676901 /* Supporting Files */,
			);
			path = WordListerTests;
			sourceTree = "<group>";
		};
		913273011A15620800676901 /* Supporting Files */ = {
			isa = PBXGroup;
			children = (
				913273021A15620800676901 /* Info.plist */,
			);
			name = "Supporting Files";
			sourceTree = "<group>";
		};
/* End PBXGroup section */

/* Begin PBXNativeTarget section */
		913272E31A15620700676901 /* WordLister */ = {
			isa = PBXNativeTarget;
			buildConfigurationList = 913273071A15620800676901 /* Build configuration list for PBXNativeTarget "WordLister" */;
			buildPhases = (
				913272E01A15620700676901 /* Sources */,
				913272E11A15620700676901 /* Frameworks */,
				913272E21A15620700676901 /* Resources */,
			);
			buildRules = (
			);
			dependencies = (
			);
			name = WordLister;
			productName = WordLister;
			productReference = 913272E41A15620700676901 /* WordLister.app */;
			productType = "com.apple.product-type.application";
		};
		913272FC1A15620800676901 /* WordListerTests */ = {
			isa = PBXNativeTarget;
			buildConfigurationList = 9132730A1A15620800676901 /* Build configuration list for PBXNativeTarget "WordListerTests" */;
			buildPhases = (
				913272F91A15620800676901 /* Sources */,
				913272FA1A15620800676901 /* Frameworks */,
				913272FB1A15620800676901 /* Resources */,
			);
			buildRules = (
			);
			dependencies = (
				913272FF1A15620800676901 /* PBXTargetDependency */,
			);
			name = WordListerTests;
			productName = WordListerTests;
			productReference = 913272FD1A15620800676901 /* WordListerTests.xctest */;
			productType = "com.apple.product-type.bundle.unit-test";
		};
/* End PBXNativeTarget section */

/* Begin PBXProject section */
		913272DC1A15620700676901 /* Project object */ = {
			isa = PBXProject;
			attributes = {
				LastUpgradeCheck = 0610;
				ORGANIZATIONNAME = "Doug Roeper";
				TargetAttributes = {
					913272E31A15620700676901 = {
						CreatedOnToolsVersion = 6.1;
					};
					913272FC1A15620800676901 = {
						CreatedOnToolsVersion = 6.1;
						TestTargetID = 913272E31A15620700676901;
					};
				};
			};
			buildConfigurationList = 913272DF1A15620700676901 /* Build configuration list for PBXProject "WordLister" */;
			compatibilityVersion = "Xcode 3.2";
			developmentRegion = English;
			hasScannedForEncodings = 0;
			knownRegions = (
				en,
				Base,
			);
			mainGroup = 913272DB1A15620700676901;
			productRefGroup = 913272E51A15620700676901 /* Products */;
			projectDirPath = "";
			projectRoot = "";
			targets = (
				913272E31A15620700676901 /* WordLister */,
				913272FC1A15620800676901 /* WordListerTests */,
			);
		};
/* End PBXProject section */

/* Begin PBXResourcesBuildPhase section */
		913272E21A15620700676901 /* Resources */ = {
			isa = PBXResourcesBuildPhase;
			buildActionMask = 2147483647;
			files = (
				913272F31A15620700676901 /* Main.storyboard in Resources */,
				913272F81A15620700676901 /* LaunchScreen.xib in Resources */,
				913272F51A15620700676901 /* Images.xcassets in Resources */,
			);
			runOnlyForDeploymentPostprocessing = 0;
		};
		913272FB1A15620800676901 /* Resources */ = {
			isa = PBXResourcesBuildPhase;
			buildActionMask = 2147483647;
			files = (
			);
			runOnlyForDeploymentPostprocessing = 0;
		};
/* End PBXResourcesBuildPhase section */

/* Begin PBXSourcesBuildPhase section */
		913272E01A15620700676901 /* Sources */ = {
			isa = PBXSourcesBuildPhase;
			buildActionMask = 2147483647;
			files = (
				913272F01A15620700676901 /* ViewController.m in Sources */,
				9132730E1A15622400676901 /* PageParser.m in Sources */,
				913272ED1A15620700676901 /* AppDelegate.m in Sources */,
				913272EA1A15620700676901 /* main.m in Sources */,
			);
			runOnlyForDeploymentPostprocessing = 0;
		};
		913272F91A15620800676901 /* Sources */ = {
			isa = PBXSourcesBuildPhase;
			buildActionMask = 2147483647;
			files = (
				913273041A15620800676901 /* WordListerTests.m in Sources */,
			);
			runOnlyForDeploymentPostprocessing = 0;
		};
/* End PBXSourcesBuildPhase section */

/* Begin PBXTargetDependency section */
		913272FF1A15620800676901 /* PBXTargetDependency */ = {
			isa = PBXTargetDependency;
			target = 913272E31A15620700676901 /* WordLister */;
			targetProxy = 913272FE1A15620800676901 /* PBXContainerItemProxy */;
		};
/* End PBXTargetDependency section */

/* Begin PBXVariantGroup section */
		913272F11A15620700676901 /* Main.storyboard */ = {
			isa = PBXVariantGroup;
			children = (
				913272F21A15620700676901 /* Base */,
			);
			name = Main.storyboard;
			sourceTree = "<group>";
		};
		913272F61A15620700676901 /* LaunchScreen.xib */ = {
			isa = PBXVariantGroup;
			children = (
				913272F71A15620700676901 /* Base */,
			);
			name = LaunchScreen.xib;
			sourceTree = "<group>";
		};
/* End PBXVariantGroup section */

/* Begin XCBuildConfiguration section */
		913273051A15620800676901 /* Debug */ = {
			isa = XCBuildConfiguration;
			buildSettings = {
				ALWAYS_SEARCH_USER_PATHS = NO;
				CLANG_CXX_LANGUAGE_STANDARD = "gnu++0x";
				CLANG_CXX_LIBRARY = "libc++";
				CLANG_ENABLE_MODULES = YES;
				CLANG_ENABLE_OBJC_ARC = YES;
				CLANG_WARN_BOOL_CONVERSION = YES;
				CLANG_WARN_CONSTANT_CONVERSION = YES;
				CLANG_WARN_DIRECT_OBJC_ISA_USAGE = YES_ERROR;
				CLANG_WARN_EMPTY_BODY = YES;
				CLANG_WARN_ENUM_CONVERSION = YES;
				CLANG_WARN_INT_CONVERSION = YES;
				CLANG_WARN_OBJC_ROOT_CLASS = YES_ERROR;
				CLANG_WARN_UNREACHABLE_CODE = YES;
				CLANG_WARN__DUPLICATE_METHOD_MATCH = YES;
				"CODE_SIGN_IDENTITY[sdk=iphoneos*]" = "iPhone Developer";
				COPY_PHASE_STRIP = NO;
				ENABLE_STRICT_OBJC_MSGSEND = YES;
				GCC_C_LANGUAGE_STANDARD = gnu99;
				GCC_DYNAMIC_NO_PIC = NO;
				GCC_OPTIMIZATION_LEVEL = 0;
				GCC_PREPROCESSOR_DEFINITIONS = (
					"DEBUG=1",
					"$(inherited)",
				);
				GCC_SYMBOLS_PRIVATE_EXTERN = NO;
				GCC_WARN_64_TO_32_BIT_CONVERSION = YES;
				GCC_WARN_ABOUT_RETURN_TYPE = YES_ERROR;
				GCC_WARN_UNDECLARED_SELECTOR = YES;
				GCC_WARN_UNINITIALIZED_AUTOS = YES_AGGRESSIVE;
				GCC_WARN_UNUSED_FUNCTION = YES;
				GCC_WARN_UNUSED_VARIABLE = YES;
				IPHONEOS_DEPLOYMENT_TARGET = 8.1;
				MTL_ENABLE_DEBUG_INFO = YES;
				ONLY_ACTIVE_ARCH = YES;
				SDKROOT = iphoneos;
				TARGETED_DEVICE_FAMILY = "1,2";
			};
			name = Debug;
		};
		913273061A15620800676901 /* Release */ = {
			isa = XCBuildConfiguration;
			buildSettings = {
				ALWAYS_SEARCH_USER_PATHS = NO;
				CLANG_CXX_LANGUAGE_STANDARD = "gnu++0x";
				CLANG_CXX_LIBRARY = "libc++";
				CLANG_ENABLE_MODULES = YES;
				CLANG_ENABLE_OBJC_ARC = YES;
				CLANG_WARN_BOOL_CONVERSION = YES;
				CLANG_WARN_CONSTANT_CONVERSION = YES;
				CLANG_WARN_DIRECT_OBJC_ISA_USAGE = YES_ERROR;
				CLANG_WARN_EMPTY_BODY = YES;
				CLANG_WARN_ENUM_CONVERSION = YES;
				CLANG_WARN_INT_CONVERSION = YES;
				CLANG_WARN_OBJC_ROOT_CLASS = YES_ERROR;
				CLANG_WARN_UNREACHABLE_CODE = YES;
				CLANG_WARN__DUPLICATE_METHOD_MATCH = YES;
				"CODE_SIGN_IDENTITY[sdk=iphoneos*]" = "iPhone Developer";
				COPY_PHASE_STRIP = YES;
				ENABLE_NS_ASSERTIONS = NO;
				ENABLE_STRICT_OBJC_MSGSEND = YES;
				GCC_C_LANGUAGE_STANDARD = gnu99;
				GCC_WARN_64_TO_32_BIT_CONVERSION = YES;
				GCC_WARN_ABOUT_RETURN_TYPE = YES_ERROR;
				GCC_WARN_UNDECLARED_SELECTOR = YES;
				GCC_WARN_UNINITIALIZED_AUTOS = YES_AGGRESSIVE;
				GCC_WARN_UNUSED_FUNCTION = YES;
				GCC_WARN_UNUSED_VARIABLE = YES;
				IPHONEOS_DEPLOYMENT_TARGET = 8.1;
				MTL_ENABLE_DEBUG_INFO = NO;
				SDKROOT = iphoneos;
				TARGETED_DEVICE_FAMILY = "1,2";
				VALIDATE_PRODUCT = YES;
			};
			name = Release;
		};
		913273081A15620800676901 /* Debug */ = {
			isa = XCBuildConfiguration;
			buildSettings = {
				ASSETCATALOG_COMPILER_APPICON_NAME = AppIcon;
				INFOPLIST_FILE = WordLister/Info.plist;
				LD_RUNPATH_SEARCH_PATHS = "$(inherited) @executable_path/Frameworks";
				PRODUCT_NAME = "$(TARGET_NAME)";
			};
			name = Debug;
		};
		913273091A15620800676901 /* Release */ = {
			isa = XCBuildConfiguration;
			buildSettings = {
				ASSETCATALOG_COMPILER_APPICON_NAME = AppIcon;
				INFOPLIST_FILE = WordLister/Info.plist;
				LD_RUNPATH_SEARCH_PATHS = "$(inherited) @executable_path/Frameworks";
				PRODUCT_NAME = "$(TARGET_NAME)";
			};
			name = Release;
		};
		9132730B1A15620800676901 /* Debug */ = {
			isa = XCBuildConfiguration;
			buildSettings = {
				BUNDLE_LOADER = "$(TEST_HOST)";
				FRAMEWORK_SEARCH_PATHS = (
					"$(SDKROOT)/Developer/Library/Frameworks",
					"$(inherited)",
				);
				GCC_PREPROCESSOR_DEFINITIONS = (
					"DEBUG=1",
					"$(inherited)",
				);
				INFOPLIST_FILE = WordListerTests/Info.plist;
				LD_RUNPATH_SEARCH_PATHS = "$(inherited) @executable_path/Frameworks @loader_path/Frameworks";
				PRODUCT_NAME = "$(TARGET_NAME)";
				TEST_HOST = "$(BUILT_PRODUCTS_DIR)/WordLister.app/WordLister";
			};
			name = Debug;
		};
		9132730C1A15620800676901 /* Release */ = {
			isa = XCBuildConfiguration;
			buildSettings = {
				BUNDLE_LOADER = "$(TEST_HOST)";
				FRAMEWORK_SEARCH_PATHS = (
					"$(SDKROOT)/Developer/Library/Frameworks",
					"$(inherited)",
				);
				INFOPLIST_FILE = WordListerTests/Info.plist;
				LD_RUNPATH_SEARCH_PATHS = "$(inherited) @executable_path/Frameworks @loader_path/Frameworks";
				PRODUCT_NAME = "$(TARGET_NAME)";
				TEST_HOST = "$(BUILT_PRODUCTS_DIR)/WordLister.app/WordLister";
			};
			name = Release;
		};
/* End XCBuildConfiguration section */

/* Begin XCConfigurationList section */
		913272DF1A15620700676901 /* Build configuration list for PBXProject "WordLister" */ = {
			isa = XCConfigurationList;
			buildConfigurations = (
				913273051A15620800676901 /* Debug */,
				913273061A15620800676901 /* Release */,
			);
			defaultConfigurationIsVisible = 0;
			defaultConfigurationName = Release;
		};
		913273071A15620800676901 /* Build configuration list for PBXNativeTarget "WordLister" */ = {
			isa = XCConfigurationList;
			buildConfigurations = (
				913273081A15620800676901 /* Debug */,
				913273091A15620800676901 /* Release */,
			);
			defaultConfigurationIsVisible = 0;
		};
		9132730A1A15620800676901 /* Build configuration list for PBXNativeTarget "WordListerTests" */ = {
			isa = XCConfigurationList;
			buildConfigurations = (
				9132730B1A15620800676901 /* Debug */,
				9132730C1A15620800676901 /* Release */,
			);
			defaultConfigurationIsVisible = 0;
		};
/* End XCConfigurationList section */
	};
	rootObject = 913272DC1A15620700676901 /* Project object */;
}
